// !$*UTF8*$!
{
	archiveVersion = 1;
	classes = {
	};
	objectVersion = 48;
	objects = {

/* Begin PBXBuildFile section */
		DC3076A31FFEDA3400BC50EE /* AppDelegate.swift in Sources */ = {isa = PBXBuildFile; fileRef = DC3076A21FFEDA3400BC50EE /* AppDelegate.swift */; };
		DC3076A51FFEDA3400BC50EE /* ViewController.swift in Sources */ = {isa = PBXBuildFile; fileRef = DC3076A41FFEDA3400BC50EE /* ViewController.swift */; };
		DC3076A81FFEDA3400BC50EE /* Main.storyboard in Resources */ = {isa = PBXBuildFile; fileRef = DC3076A61FFEDA3400BC50EE /* Main.storyboard */; };
		DC3076AB1FFEDA3400BC50EE /* Music_Serve.xcdatamodeld in Sources */ = {isa = PBXBuildFile; fileRef = DC3076A91FFEDA3400BC50EE /* Music_Serve.xcdatamodeld */; };
		DC3076AD1FFEDA3400BC50EE /* Assets.xcassets in Resources */ = {isa = PBXBuildFile; fileRef = DC3076AC1FFEDA3400BC50EE /* Assets.xcassets */; };
		DC3076B01FFEDA3400BC50EE /* LaunchScreen.storyboard in Resources */ = {isa = PBXBuildFile; fileRef = DC3076AE1FFEDA3400BC50EE /* LaunchScreen.storyboard */; };
		DCA6100620116E3B00687EF6 /* Server.swift in Sources */ = {isa = PBXBuildFile; fileRef = DCA6100520116E3A00687EF6 /* Server.swift */; };
		DCF2998E2014929C009477F8 /* jquery-1.11.3.min.js in Resources */ = {isa = PBXBuildFile; fileRef = DCF2998B2014929C009477F8 /* jquery-1.11.3.min.js */; };
		DCF2998F2014929C009477F8 /* jquery.cleanaudioplayer.js in Resources */ = {isa = PBXBuildFile; fileRef = DCF2998C2014929C009477F8 /* jquery.cleanaudioplayer.js */; };
		DCF299902014929C009477F8 /* player.css in Resources */ = {isa = PBXBuildFile; fileRef = DCF2998D2014929C009477F8 /* player.css */; };
		DCF2999420149BED009477F8 /* jquery.cleanaudioplayer.js in Resources */ = {isa = PBXBuildFile; fileRef = DCF2999120149BD5009477F8 /* jquery.cleanaudioplayer.js */; };
		DCF2999520149BED009477F8 /* jquery-1.11.3.min.js in Resources */ = {isa = PBXBuildFile; fileRef = DCF2999220149BD6009477F8 /* jquery-1.11.3.min.js */; };
		DCFBD0012016207D008BECE0 /* bob.mp3 in Resources */ = {isa = PBXBuildFile; fileRef = DCFBD0002016207B008BECE0 /* bob.mp3 */; };
		FA390A7DFC6F1AF9C4F9CE50 /* Pods_Music_Serve.framework in Frameworks */ = {isa = PBXBuildFile; fileRef = CB77F4E44B2C0A951D96292E /* Pods_Music_Serve.framework */; };
/* End PBXBuildFile section */

/* Begin PBXFileReference section */
		5AF5DCF1ED6E4FCCB71A5178 /* Pods-Music-Serve.release.xcconfig */ = {isa = PBXFileReference; includeInIndex = 1; lastKnownFileType = text.xcconfig; name = "Pods-Music-Serve.release.xcconfig"; path = "Pods/Target Support Files/Pods-Music-Serve/Pods-Music-Serve.release.xcconfig"; sourceTree = "<group>"; };
		899CCE0970F505F928112F39 /* Pods-Music-Serve.debug.xcconfig */ = {isa = PBXFileReference; includeInIndex = 1; lastKnownFileType = text.xcconfig; name = "Pods-Music-Serve.debug.xcconfig"; path = "Pods/Target Support Files/Pods-Music-Serve/Pods-Music-Serve.debug.xcconfig"; sourceTree = "<group>"; };
		CB77F4E44B2C0A951D96292E /* Pods_Music_Serve.framework */ = {isa = PBXFileReference; explicitFileType = wrapper.framework; includeInIndex = 0; path = Pods_Music_Serve.framework; sourceTree = BUILT_PRODUCTS_DIR; };
		DC30769F1FFEDA3400BC50EE /* Music-Serve.app */ = {isa = PBXFileReference; explicitFileType = wrapper.application; includeInIndex = 0; path = "Music-Serve.app"; sourceTree = BUILT_PRODUCTS_DIR; };
		DC3076A21FFEDA3400BC50EE /* AppDelegate.swift */ = {isa = PBXFileReference; lastKnownFileType = sourcecode.swift; path = AppDelegate.swift; sourceTree = "<group>"; };
		DC3076A41FFEDA3400BC50EE /* ViewController.swift */ = {isa = PBXFileReference; lastKnownFileType = sourcecode.swift; path = ViewController.swift; sourceTree = "<group>"; };
		DC3076A71FFEDA3400BC50EE /* Base */ = {isa = PBXFileReference; lastKnownFileType = file.storyboard; name = Base; path = Base.lproj/Main.storyboard; sourceTree = "<group>"; };
		DC3076AA1FFEDA3400BC50EE /* Music_Serve.xcdatamodel */ = {isa = PBXFileReference; lastKnownFileType = wrapper.xcdatamodel; path = Music_Serve.xcdatamodel; sourceTree = "<group>"; };
		DC3076AC1FFEDA3400BC50EE /* Assets.xcassets */ = {isa = PBXFileReference; lastKnownFileType = folder.assetcatalog; path = Assets.xcassets; sourceTree = "<group>"; };
		DC3076AF1FFEDA3400BC50EE /* Base */ = {isa = PBXFileReference; lastKnownFileType = file.storyboard; name = Base; path = Base.lproj/LaunchScreen.storyboard; sourceTree = "<group>"; };
		DC3076B11FFEDA3400BC50EE /* Info.plist */ = {isa = PBXFileReference; lastKnownFileType = text.plist.xml; path = Info.plist; sourceTree = "<group>"; };
		DCA6100520116E3A00687EF6 /* Server.swift */ = {isa = PBXFileReference; lastKnownFileType = sourcecode.swift; path = Server.swift; sourceTree = "<group>"; };
		DCF2998B2014929C009477F8 /* jquery-1.11.3.min.js */ = {isa = PBXFileReference; fileEncoding = 4; lastKnownFileType = sourcecode.javascript; path = "jquery-1.11.3.min.js"; sourceTree = "<group>"; };
		DCF2998C2014929C009477F8 /* jquery.cleanaudioplayer.js */ = {isa = PBXFileReference; fileEncoding = 4; lastKnownFileType = sourcecode.javascript; path = jquery.cleanaudioplayer.js; sourceTree = "<group>"; };
		DCF2998D2014929C009477F8 /* player.css */ = {isa = PBXFileReference; fileEncoding = 4; lastKnownFileType = text.css; path = player.css; sourceTree = "<group>"; };
		DCF2999120149BD5009477F8 /* jquery.cleanaudioplayer.js */ = {isa = PBXFileReference; lastKnownFileType = sourcecode.javascript; path = jquery.cleanaudioplayer.js; sourceTree = "<group>"; };
		DCF2999220149BD6009477F8 /* jquery-1.11.3.min.js */ = {isa = PBXFileReference; lastKnownFileType = sourcecode.javascript; path = "jquery-1.11.3.min.js"; sourceTree = "<group>"; };
		DCF2999320149BD7009477F8 /* player.css */ = {isa = PBXFileReference; lastKnownFileType = text.css; path = player.css; sourceTree = "<group>"; };
		DCFBD0002016207B008BECE0 /* bob.mp3 */ = {isa = PBXFileReference; lastKnownFileType = audio.mp3; name = bob.mp3; path = ../../../../Downloads/bob.mp3; sourceTree = "<group>"; };
/* End PBXFileReference section */

/* Begin PBXFrameworksBuildPhase section */
		DC30769C1FFEDA3400BC50EE /* Frameworks */ = {
			isa = PBXFrameworksBuildPhase;
			buildActionMask = 2147483647;
			files = (
				FA390A7DFC6F1AF9C4F9CE50 /* Pods_Music_Serve.framework in Frameworks */,
			);
			runOnlyForDeploymentPostprocessing = 0;
		};
/* End PBXFrameworksBuildPhase section */

/* Begin PBXGroup section */
		3D7D815784937A315A5FD428 /* Pods */ = {
			isa = PBXGroup;
			children = (
				899CCE0970F505F928112F39 /* Pods-Music-Serve.debug.xcconfig */,
				5AF5DCF1ED6E4FCCB71A5178 /* Pods-Music-Serve.release.xcconfig */,
			);
			name = Pods;
			sourceTree = "<group>";
		};
		ACA0A7792B16E82359A78B80 /* Frameworks */ = {
			isa = PBXGroup;
			children = (
				CB77F4E44B2C0A951D96292E /* Pods_Music_Serve.framework */,
			);
			name = Frameworks;
			sourceTree = "<group>";
		};
		DC3076961FFEDA3400BC50EE = {
			isa = PBXGroup;
			children = (
				DC3076C91FFF03B300BC50EE /* assets */,
				DCF2998A2014929C009477F8 /* assets */,
				DC3076A11FFEDA3400BC50EE /* Music-Serve */,
				DC3076A01FFEDA3400BC50EE /* Products */,
				3D7D815784937A315A5FD428 /* Pods */,
				ACA0A7792B16E82359A78B80 /* Frameworks */,
			);
			sourceTree = "<group>";
		};
		DC3076A01FFEDA3400BC50EE /* Products */ = {
			isa = PBXGroup;
			children = (
				DC30769F1FFEDA3400BC50EE /* Music-Serve.app */,
			);
			name = Products;
			sourceTree = "<group>";
		};
		DC3076A11FFEDA3400BC50EE /* Music-Serve */ = {
			isa = PBXGroup;
			children = (
				DCFBD0002016207B008BECE0 /* bob.mp3 */,
				DCF2999220149BD6009477F8 /* jquery-1.11.3.min.js */,
				DCF2999120149BD5009477F8 /* jquery.cleanaudioplayer.js */,
				DCF2999320149BD7009477F8 /* player.css */,
				DC3076A21FFEDA3400BC50EE /* AppDelegate.swift */,
				DC3076A41FFEDA3400BC50EE /* ViewController.swift */,
				DC3076A61FFEDA3400BC50EE /* Main.storyboard */,
				DC3076AC1FFEDA3400BC50EE /* Assets.xcassets */,
				DC3076AE1FFEDA3400BC50EE /* LaunchScreen.storyboard */,
				DC3076B11FFEDA3400BC50EE /* Info.plist */,
				DC3076A91FFEDA3400BC50EE /* Music_Serve.xcdatamodeld */,
				DCA6100520116E3A00687EF6 /* Server.swift */,
			);
			path = "Music-Serve";
			sourceTree = "<group>";
		};
		DC3076C91FFF03B300BC50EE /* assets */ = {
			isa = PBXGroup;
			children = (
			);
			path = assets;
			sourceTree = "<group>";
		};
		DCF2998A2014929C009477F8 /* assets */ = {
			isa = PBXGroup;
			children = (
				DCF2998B2014929C009477F8 /* jquery-1.11.3.min.js */,
				DCF2998C2014929C009477F8 /* jquery.cleanaudioplayer.js */,
				DCF2998D2014929C009477F8 /* player.css */,
			);
			name = assets;
			path = ../../assets;
			sourceTree = "<group>";
		};
/* End PBXGroup section */

/* Begin PBXNativeTarget section */
		DC30769E1FFEDA3400BC50EE /* Music-Serve */ = {
			isa = PBXNativeTarget;
			buildConfigurationList = DC3076B41FFEDA3400BC50EE /* Build configuration list for PBXNativeTarget "Music-Serve" */;
			buildPhases = (
				11A9B8745A8F3A6C5741F9C1 /* [CP] Check Pods Manifest.lock */,
				DC30769B1FFEDA3400BC50EE /* Sources */,
				DC30769C1FFEDA3400BC50EE /* Frameworks */,
				DC30769D1FFEDA3400BC50EE /* Resources */,
				24CBF8549056123E46481265 /* [CP] Embed Pods Frameworks */,
				376CFAF372BD28FF9CAAA911 /* [CP] Copy Pods Resources */,
			);
			buildRules = (
			);
			dependencies = (
			);
			name = "Music-Serve";
			productName = "Music-Serve";
			productReference = DC30769F1FFEDA3400BC50EE /* Music-Serve.app */;
			productType = "com.apple.product-type.application";
		};
/* End PBXNativeTarget section */

/* Begin PBXProject section */
		DC3076971FFEDA3400BC50EE /* Project object */ = {
			isa = PBXProject;
			attributes = {
				LastSwiftUpdateCheck = 0920;
				LastUpgradeCheck = 0920;
				ORGANIZATIONNAME = "Chirdon Mohamed Houssein";
				TargetAttributes = {
					DC30769E1FFEDA3400BC50EE = {
						CreatedOnToolsVersion = 9.2;
						ProvisioningStyle = Automatic;
					};
				};
			};
			buildConfigurationList = DC30769A1FFEDA3400BC50EE /* Build configuration list for PBXProject "Music-Serve" */;
			compatibilityVersion = "Xcode 8.0";
			developmentRegion = en;
			hasScannedForEncodings = 0;
			knownRegions = (
				en,
				Base,
			);
			mainGroup = DC3076961FFEDA3400BC50EE;
			productRefGroup = DC3076A01FFEDA3400BC50EE /* Products */;
			projectDirPath = "";
			projectRoot = "";
			targets = (
				DC30769E1FFEDA3400BC50EE /* Music-Serve */,
			);
		};
/* End PBXProject section */

/* Begin PBXResourcesBuildPhase section */
		DC30769D1FFEDA3400BC50EE /* Resources */ = {
			isa = PBXResourcesBuildPhase;
			buildActionMask = 2147483647;
			files = (
				DCF2999520149BED009477F8 /* jquery-1.11.3.min.js in Resources */,
				DCF2998E2014929C009477F8 /* jquery-1.11.3.min.js in Resources */,
				DCF2998F2014929C009477F8 /* jquery.cleanaudioplayer.js in Resources */,
				DCF299902014929C009477F8 /* player.css in Resources */,
				DC3076B01FFEDA3400BC50EE /* LaunchScreen.storyboard in Resources */,
				DC3076AD1FFEDA3400BC50EE /* Assets.xcassets in Resources */,
				DCFBD0012016207D008BECE0 /* bob.mp3 in Resources */,
				DCF2999420149BED009477F8 /* jquery.cleanaudioplayer.js in Resources */,
				DC3076A81FFEDA3400BC50EE /* Main.storyboard in Resources */,
			);
			runOnlyForDeploymentPostprocessing = 0;
		};
/* End PBXResourcesBuildPhase section */

/* Begin PBXShellScriptBuildPhase section */
		11A9B8745A8F3A6C5741F9C1 /* [CP] Check Pods Manifest.lock */ = {
			isa = PBXShellScriptBuildPhase;
			buildActionMask = 2147483647;
			files = (
			);
			inputPaths = (
				"${PODS_PODFILE_DIR_PATH}/Podfile.lock",
				"${PODS_ROOT}/Manifest.lock",
			);
			name = "[CP] Check Pods Manifest.lock";
			outputPaths = (
				"$(DERIVED_FILE_DIR)/Pods-Music-Serve-checkManifestLockResult.txt",
			);
			runOnlyForDeploymentPostprocessing = 0;
			shellPath = /bin/sh;
			shellScript = "diff \"${PODS_PODFILE_DIR_PATH}/Podfile.lock\" \"${PODS_ROOT}/Manifest.lock\" > /dev/null\nif [ $? != 0 ] ; then\n    # print error to STDERR\n    echo \"error: The sandbox is not in sync with the Podfile.lock. Run 'pod install' or update your CocoaPods installation.\" >&2\n    exit 1\nfi\n# This output is used by Xcode 'outputs' to avoid re-running this script phase.\necho \"SUCCESS\" > \"${SCRIPT_OUTPUT_FILE_0}\"\n";
			showEnvVarsInLog = 0;
		};
		24CBF8549056123E46481265 /* [CP] Embed Pods Frameworks */ = {
			isa = PBXShellScriptBuildPhase;
			buildActionMask = 2147483647;
			files = (
			);
			inputPaths = (
				"${SRCROOT}/Pods/Target Support Files/Pods-Music-Serve/Pods-Music-Serve-frameworks.sh",
				"${BUILT_PRODUCTS_DIR}/Alamofire/Alamofire.framework",
				"${BUILT_PRODUCTS_DIR}/GCDWebServer/GCDWebServer.framework",
			);
			name = "[CP] Embed Pods Frameworks";
			outputPaths = (
				"${TARGET_BUILD_DIR}/${FRAMEWORKS_FOLDER_PATH}/Alamofire.framework",
				"${TARGET_BUILD_DIR}/${FRAMEWORKS_FOLDER_PATH}/GCDWebServer.framework",
			);
			runOnlyForDeploymentPostprocessing = 0;
			shellPath = /bin/sh;
			shellScript = "\"${SRCROOT}/Pods/Target Support Files/Pods-Music-Serve/Pods-Music-Serve-frameworks.sh\"\n";
			showEnvVarsInLog = 0;
		};
		376CFAF372BD28FF9CAAA911 /* [CP] Copy Pods Resources */ = {
			isa = PBXShellScriptBuildPhase;
			buildActionMask = 2147483647;
			files = (
			);
			inputPaths = (
			);
			name = "[CP] Copy Pods Resources";
			outputPaths = (
			);
			runOnlyForDeploymentPostprocessing = 0;
			shellPath = /bin/sh;
			shellScript = "\"${SRCROOT}/Pods/Target Support Files/Pods-Music-Serve/Pods-Music-Serve-resources.sh\"\n";
			showEnvVarsInLog = 0;
		};
/* End PBXShellScriptBuildPhase section */

/* Begin PBXSourcesBuildPhase section */
		DC30769B1FFEDA3400BC50EE /* Sources */ = {
			isa = PBXSourcesBuildPhase;
			buildActionMask = 2147483647;
			files = (
				DC3076A51FFEDA3400BC50EE /* ViewController.swift in Sources */,
				DC3076AB1FFEDA3400BC50EE /* Music_Serve.xcdatamodeld in Sources */,
				DCA6100620116E3B00687EF6 /* Server.swift in Sources */,
				DC3076A31FFEDA3400BC50EE /* AppDelegate.swift in Sources */,
			);
			runOnlyForDeploymentPostprocessing = 0;
		};
/* End PBXSourcesBuildPhase section */

/* Begin PBXVariantGroup section */
		DC3076A61FFEDA3400BC50EE /* Main.storyboard */ = {
			isa = PBXVariantGroup;
			children = (
				DC3076A71FFEDA3400BC50EE /* Base */,
			);
			name = Main.storyboard;
			sourceTree = "<group>";
		};
		DC3076AE1FFEDA3400BC50EE /* LaunchScreen.storyboard */ = {
			isa = PBXVariantGroup;
			children = (
				DC3076AF1FFEDA3400BC50EE /* Base */,
			);
			name = LaunchScreen.storyboard;
			sourceTree = "<group>";
		};
/* End PBXVariantGroup section */

/* Begin XCBuildConfiguration section */
		DC3076B21FFEDA3400BC50EE /* Debug */ = {
			isa = XCBuildConfiguration;
			buildSettings = {
				ALWAYS_SEARCH_USER_PATHS = NO;
				CLANG_ANALYZER_NONNULL = YES;
				CLANG_ANALYZER_NUMBER_OBJECT_CONVERSION = YES_AGGRESSIVE;
				CLANG_CXX_LANGUAGE_STANDARD = "gnu++14";
				CLANG_CXX_LIBRARY = "libc++";
				CLANG_ENABLE_MODULES = YES;
				CLANG_ENABLE_OBJC_ARC = YES;
				CLANG_WARN_BLOCK_CAPTURE_AUTORELEASING = YES;
				CLANG_WARN_BOOL_CONVERSION = YES;
				CLANG_WARN_COMMA = YES;
				CLANG_WARN_CONSTANT_CONVERSION = YES;
				CLANG_WARN_DIRECT_OBJC_ISA_USAGE = YES_ERROR;
				CLANG_WARN_DOCUMENTATION_COMMENTS = YES;
				CLANG_WARN_EMPTY_BODY = YES;
				CLANG_WARN_ENUM_CONVERSION = YES;
				CLANG_WARN_INFINITE_RECURSION = YES;
				CLANG_WARN_INT_CONVERSION = YES;
				CLANG_WARN_NON_LITERAL_NULL_CONVERSION = YES;
				CLANG_WARN_OBJC_LITERAL_CONVERSION = YES;
				CLANG_WARN_OBJC_ROOT_CLASS = YES_ERROR;
				CLANG_WARN_RANGE_LOOP_ANALYSIS = YES;
				CLANG_WARN_STRICT_PROTOTYPES = YES;
				CLANG_WARN_SUSPICIOUS_MOVE = YES;
				CLANG_WARN_UNGUARDED_AVAILABILITY = YES_AGGRESSIVE;
				CLANG_WARN_UNREACHABLE_CODE = YES;
				CLANG_WARN__DUPLICATE_METHOD_MATCH = YES;
				CODE_SIGN_IDENTITY = "iPhone Developer";
				COPY_PHASE_STRIP = NO;
				DEBUG_INFORMATION_FORMAT = dwarf;
				ENABLE_STRICT_OBJC_MSGSEND = YES;
				ENABLE_TESTABILITY = YES;
				GCC_C_LANGUAGE_STANDARD = gnu11;
				GCC_DYNAMIC_NO_PIC = NO;
				GCC_NO_COMMON_BLOCKS = YES;
				GCC_OPTIMIZATION_LEVEL = 0;
				GCC_PREPROCESSOR_DEFINITIONS = (
					"DEBUG=1",
					"$(inherited)",
				);
				GCC_WARN_64_TO_32_BIT_CONVERSION = YES;
				GCC_WARN_ABOUT_RETURN_TYPE = YES_ERROR;
				GCC_WARN_UNDECLARED_SELECTOR = YES;
				GCC_WARN_UNINITIALIZED_AUTOS = YES_AGGRESSIVE;
				GCC_WARN_UNUSED_FUNCTION = YES;
				GCC_WARN_UNUSED_VARIABLE = YES;
				IPHONEOS_DEPLOYMENT_TARGET = 11.2;
				MTL_ENABLE_DEBUG_INFO = YES;
				ONLY_ACTIVE_ARCH = YES;
				SDKROOT = iphoneos;
				SWIFT_ACTIVE_COMPILATION_CONDITIONS = DEBUG;
				SWIFT_OPTIMIZATION_LEVEL = "-Onone";
			};
			name = Debug;
		};
		DC3076B31FFEDA3400BC50EE /* Release */ = {
			isa = XCBuildConfiguration;
			buildSettings = {
				ALWAYS_SEARCH_USER_PATHS = NO;
				CLANG_ANALYZER_NONNULL = YES;
				CLANG_ANALYZER_NUMBER_OBJECT_CONVERSION = YES_AGGRESSIVE;
				CLANG_CXX_LANGUAGE_STANDARD = "gnu++14";
				CLANG_CXX_LIBRARY = "libc++";
				CLANG_ENABLE_MODULES = YES;
				CLANG_ENABLE_OBJC_ARC = YES;
				CLANG_WARN_BLOCK_CAPTURE_AUTORELEASING = YES;
				CLANG_WARN_BOOL_CONVERSION = YES;
				CLANG_WARN_COMMA = YES;
				CLANG_WARN_CONSTANT_CONVERSION = YES;
				CLANG_WARN_DIRECT_OBJC_ISA_USAGE = YES_ERROR;
				CLANG_WARN_DOCUMENTATION_COMMENTS = YES;
				CLANG_WARN_EMPTY_BODY = YES;
				CLANG_WARN_ENUM_CONVERSION = YES;
				CLANG_WARN_INFINITE_RECURSION = YES;
				CLANG_WARN_INT_CONVERSION = YES;
				CLANG_WARN_NON_LITERAL_NULL_CONVERSION = YES;
				CLANG_WARN_OBJC_LITERAL_CONVERSION = YES;
				CLANG_WARN_OBJC_ROOT_CLASS = YES_ERROR;
				CLANG_WARN_RANGE_LOOP_ANALYSIS = YES;
				CLANG_WARN_STRICT_PROTOTYPES = YES;
				CLANG_WARN_SUSPICIOUS_MOVE = YES;
				CLANG_WARN_UNGUARDED_AVAILABILITY = YES_AGGRESSIVE;
				CLANG_WARN_UNREACHABLE_CODE = YES;
				CLANG_WARN__DUPLICATE_METHOD_MATCH = YES;
				CODE_SIGN_IDENTITY = "iPhone Developer";
				COPY_PHASE_STRIP = NO;
				DEBUG_INFORMATION_FORMAT = "dwarf-with-dsym";
				ENABLE_NS_ASSERTIONS = NO;
				ENABLE_STRICT_OBJC_MSGSEND = YES;
				GCC_C_LANGUAGE_STANDARD = gnu11;
				GCC_NO_COMMON_BLOCKS = YES;
				GCC_WARN_64_TO_32_BIT_CONVERSION = YES;
				GCC_WARN_ABOUT_RETURN_TYPE = YES_ERROR;
				GCC_WARN_UNDECLARED_SELECTOR = YES;
				GCC_WARN_UNINITIALIZED_AUTOS = YES_AGGRESSIVE;
				GCC_WARN_UNUSED_FUNCTION = YES;
				GCC_WARN_UNUSED_VARIABLE = YES;
				IPHONEOS_DEPLOYMENT_TARGET = 11.2;
				MTL_ENABLE_DEBUG_INFO = NO;
				SDKROOT = iphoneos;
				SWIFT_OPTIMIZATION_LEVEL = "-Owholemodule";
				VALIDATE_PRODUCT = YES;
			};
			name = Release;
		};
		DC3076B51FFEDA3400BC50EE /* Debug */ = {
			isa = XCBuildConfiguration;
			baseConfigurationReference = 899CCE0970F505F928112F39 /* Pods-Music-Serve.debug.xcconfig */;
			buildSettings = {
				ASSETCATALOG_COMPILER_APPICON_NAME = AppIcon;
				CODE_SIGN_STYLE = Automatic;
				DEVELOPMENT_TEAM = JVY7TPQMDW;
				INFOPLIST_FILE = "Music-Serve/Info.plist";
				LD_RUNPATH_SEARCH_PATHS = "$(inherited) @executable_path/Frameworks";
				PRODUCT_BUNDLE_IDENTIFIER = "ac.ma.alteripso.Music-Serve";
				PRODUCT_NAME = "$(TARGET_NAME)";
				SWIFT_VERSION = 4.0;
				TARGETED_DEVICE_FAMILY = "1,2";
			};
			name = Debug;
		};
		DC3076B61FFEDA3400BC50EE /* Release */ = {
			isa = XCBuildConfiguration;
			baseConfigurationReference = 5AF5DCF1ED6E4FCCB71A5178 /* Pods-Music-Serve.release.xcconfig */;
			buildSettings = {
				ASSETCATALOG_COMPILER_APPICON_NAME = AppIcon;
				CODE_SIGN_STYLE = Automatic;
				DEVELOPMENT_TEAM = JVY7TPQMDW;
				INFOPLIST_FILE = "Music-Serve/Info.plist";
				LD_RUNPATH_SEARCH_PATHS = "$(inherited) @executable_path/Frameworks";
				PRODUCT_BUNDLE_IDENTIFIER = "ac.ma.alteripso.Music-Serve";
				PRODUCT_NAME = "$(TARGET_NAME)";
				SWIFT_VERSION = 4.0;
				TARGETED_DEVICE_FAMILY = "1,2";
			};
			name = Release;
		};
/* End XCBuildConfiguration section */

/* Begin XCConfigurationList section */
		DC30769A1FFEDA3400BC50EE /* Build configuration list for PBXProject "Music-Serve" */ = {
			isa = XCConfigurationList;
			buildConfigurations = (
				DC3076B21FFEDA3400BC50EE /* Debug */,
				DC3076B31FFEDA3400BC50EE /* Release */,
			);
			defaultConfigurationIsVisible = 0;
			defaultConfigurationName = Release;
		};
		DC3076B41FFEDA3400BC50EE /* Build configuration list for PBXNativeTarget "Music-Serve" */ = {
			isa = XCConfigurationList;
			buildConfigurations = (
				DC3076B51FFEDA3400BC50EE /* Debug */,
				DC3076B61FFEDA3400BC50EE /* Release */,
			);
			defaultConfigurationIsVisible = 0;
			defaultConfigurationName = Release;
		};
/* End XCConfigurationList section */

/* Begin XCVersionGroup section */
		DC3076A91FFEDA3400BC50EE /* Music_Serve.xcdatamodeld */ = {
			isa = XCVersionGroup;
			children = (
				DC3076AA1FFEDA3400BC50EE /* Music_Serve.xcdatamodel */,
			);
			currentVersion = DC3076AA1FFEDA3400BC50EE /* Music_Serve.xcdatamodel */;
			path = Music_Serve.xcdatamodeld;
			sourceTree = "<group>";
			versionGroupType = wrapper.xcdatamodel;
		};
/* End XCVersionGroup section */
	};
	rootObject = DC3076971FFEDA3400BC50EE /* Project object */;
}
